
Microsoft Visual Studio Solution File, Format Version 12.00
# Visual Studio 14
VisualStudioVersion = 14.0.25123.0
MinimumVisualStudioVersion = 10.0.40219.1
Project("{FAE04EC0-301F-11D3-BF4B-00C04F79EFBC}") = "Blotter.Service", "Blotter.Service\Blotter.Service.csproj", "{37D14DD4-3360-4B5C-B165-A60D9AC72030}"
EndProject
Project("{FAE04EC0-301F-11D3-BF4B-00C04F79EFBC}") = "Blotter", "Blotter\Blotter.csproj", "{785C3F96-1B76-4BA3-A751-F5091A6CC34E}"
	ProjectSection(ProjectDependencies) = postProject
		{37D14DD4-3360-4B5C-B165-A60D9AC72030} = {37D14DD4-3360-4B5C-B165-A60D9AC72030}
	EndProjectSection
EndProject
Project("{FAE04EC0-301F-11D3-BF4B-00C04F79EFBC}") = "Blotter.Model", "Blotter.Model\Blotter.Model.csproj", "{D2905577-61FF-420E-90F3-19CEFC079F2F}"
EndProject
Project("{2150E333-8FDC-42A3-9474-1A3956D46DE8}") = "Solution Items", "Solution Items", "{34B6DDE9-4CF4-4E3F-A870-9A4839ADE3AD}"
	ProjectSection(SolutionItems) = preProject
		Readme.txt = Readme.txt
	EndProjectSection
EndProject
Project("{FAE04EC0-301F-11D3-BF4B-00C04F79EFBC}") = "Blotter.Tests", "Blotter.Tests\Blotter.Tests.csproj", "{ADBA2BF2-F86E-476A-8FE1-3C9CF396BCE2}"
EndProject
Global
	GlobalSection(SolutionConfigurationPlatforms) = preSolution
		Debug|Any CPU = Debug|Any CPU
		Release|Any CPU = Release|Any CPU
	EndGlobalSection
	GlobalSection(ProjectConfigurationPlatforms) = postSolution
		{37D14DD4-3360-4B5C-B165-A60D9AC72030}.Debug|Any CPU.ActiveCfg = Debug|Any CPU
		{37D14DD4-3360-4B5C-B165-A60D9AC72030}.Debug|Any CPU.Build.0 = Debug|Any CPU
		{37D14DD4-3360-4B5C-B165-A60D9AC72030}.Release|Any CPU.ActiveCfg = Release|Any CPU
		{37D14DD4-3360-4B5C-B165-A60D9AC72030}.Release|Any CPU.Build.0 = Release|Any CPU
		{785C3F96-1B76-4BA3-A751-F5091A6CC34E}.Debug|Any CPU.ActiveCfg = Debug|Any CPU
		{785C3F96-1B76-4BA3-A751-F5091A6CC34E}.Debug|Any CPU.Build.0 = Debug|Any CPU
		{785C3F96-1B76-4BA3-A751-F5091A6CC34E}.Release|Any CPU.ActiveCfg = Release|Any CPU
		{785C3F96-1B76-4BA3-A751-F5091A6CC34E}.Release|Any CPU.Build.0 = Release|Any CPU
		{D2905577-61FF-420E-90F3-19CEFC079F2F}.Debug|Any CPU.ActiveCfg = Debug|Any CPU
		{D2905577-61FF-420E-90F3-19CEFC079F2F}.Debug|Any CPU.Build.0 = Debug|Any CPU
		{D2905577-61FF-420E-90F3-19CEFC079F2F}.Release|Any CPU.ActiveCfg = Release|Any CPU
		{D2905577-61FF-420E-90F3-19CEFC079F2F}.Release|Any CPU.Build.0 = Release|Any CPU
		{ADBA2BF2-F86E-476A-8FE1-3C9CF396BCE2}.Debug|Any CPU.ActiveCfg = Debug|Any CPU
		{ADBA2BF2-F86E-476A-8FE1-3C9CF396BCE2}.Debug|Any CPU.Build.0 = Debug|Any CPU
		{ADBA2BF2-F86E-476A-8FE1-3C9CF396BCE2}.Release|Any CPU.ActiveCfg = Release|Any CPU
		{ADBA2BF2-F86E-476A-8FE1-3C9CF396BCE2}.Release|Any CPU.Build.0 = Release|Any CPU
	EndGlobalSection
	GlobalSection(SolutionProperties) = preSolution
		HideSolutionNode = FALSE
	EndGlobalSection
EndGlobal
